// !$*UTF8*$!
{
	archiveVersion = 1;
	classes = {
	};
	objectVersion = 77;
	objects = {

/* Begin PBXBuildFile section */
		402E607E2F7F564300750516 /* Untitled.swift in Sources */ = {isa = PBXBuildFile; fileRef = 402E607D2F7F564200750516 /* Untitled.swift */; };
		402E60802F7F574500750516 /* README.md in Resources */ = {isa = PBXBuildFile; fileRef = 402E607F2F7F574500750516 /* README.md */; };
		402E610B2F7F8D1E00750516 /* package.json in Resources */ = {isa = PBXBuildFile; fileRef = 402E61062F7F8D1E00750516 /* package.json */; };
		402E610C2F7F8D1E00750516 /* index.css in Resources */ = {isa = PBXBuildFile; fileRef = 402E60FE2F7F8D1E00750516 /* index.css */; };
		402E610D2F7F8D1E00750516 /* Guidelines.md in Resources */ = {isa = PBXBuildFile; fileRef = 402E60B12F7F8D1E00750516 /* Guidelines.md */; };
		402E610E2F7F8D1E00750516 /* postcss.config.mjs in Resources */ = {isa = PBXBuildFile; fileRef = 402E61072F7F8D1E00750516 /* postcss.config.mjs */; };
		402E610F2F7F8D1E00750516 /* SwiftUI-Conversion-Guide.md in Resources */ = {isa = PBXBuildFile; fileRef = 402E60B22F7F8D1E00750516 /* SwiftUI-Conversion-Guide.md */; };
		402E61112F7F8D1E00750516 /* fonts.css in Resources */ = {isa = PBXBuildFile; fileRef = 402E60FD2F7F8D1E00750516 /* fonts.css */; };
		402E61122F7F8D1E00750516 /* tailwind.css in Resources */ = {isa = PBXBuildFile; fileRef = 402E60FF2F7F8D1E00750516 /* tailwind.css */; };
		402E61132F7F8D1E00750516 /* index.html in Resources */ = {isa = PBXBuildFile; fileRef = 402E61052F7F8D1E00750516 /* index.html */; };
		402E61142F7F8D1E00750516 /* ATTRIBUTIONS.md in Resources */ = {isa = PBXBuildFile; fileRef = 402E61042F7F8D1E00750516 /* ATTRIBUTIONS.md */; };
		402E61152F7F8D1E00750516 /* theme.css in Resources */ = {isa = PBXBuildFile; fileRef = 402E61002F7F8D1E00750516 /* theme.css */; };
/* End PBXBuildFile section */

/* Begin PBXFileReference section */
		402E606D2F7F538B00750516 /* Tempo.app */ = {isa = PBXFileReference; explicitFileType = wrapper.application; includeInIndex = 0; path = Tempo.app; sourceTree = BUILT_PRODUCTS_DIR; };
		402E607D2F7F564200750516 /* Untitled.swift */ = {isa = PBXFileReference; lastKnownFileType = sourcecode.swift; path = Untitled.swift; sourceTree = "<group>"; };
		402E607F2F7F574500750516 /* README.md */ = {isa = PBXFileReference; lastKnownFileType = net.daringfireball.markdown; path = README.md; sourceTree = "<group>"; };
		402E60B12F7F8D1E00750516 /* Guidelines.md */ = {isa = PBXFileReference; lastKnownFileType = net.daringfireball.markdown; path = Guidelines.md; sourceTree = "<group>"; };
		402E60B22F7F8D1E00750516 /* SwiftUI-Conversion-Guide.md */ = {isa = PBXFileReference; lastKnownFileType = net.daringfireball.markdown; path = "SwiftUI-Conversion-Guide.md"; sourceTree = "<group>"; };
		402E60B42F7F8D1E00750516 /* ImageWithFallback.tsx */ = {isa = PBXFileReference; lastKnownFileType = sourcecode.typescript; path = ImageWithFallback.tsx; sourceTree = "<group>"; };
		402E60B62F7F8D1E00750516 /* accordion.tsx */ = {isa = PBXFileReference; lastKnownFileType = sourcecode.typescript; path = accordion.tsx; sourceTree = "<group>"; };
		402E60B72F7F8D1E00750516 /* alert.tsx */ = {isa = PBXFileReference; lastKnownFileType = sourcecode.typescript; path = alert.tsx; sourceTree = "<group>"; };
		402E60B82F7F8D1E00750516 /* alert-dialog.tsx */ = {isa = PBXFileReference; lastKnownFileType = sourcecode.typescript; path = "alert-dialog.tsx"; sourceTree = "<group>"; };
		402E60B92F7F8D1E00750516 /* aspect-ratio.tsx */ = {isa = PBXFileReference; lastKnownFileType = sourcecode.typescript; path = "aspect-ratio.tsx"; sourceTree = "<group>"; };
		402E60BA2F7F8D1E00750516 /* avatar.tsx */ = {isa = PBXFileReference; lastKnownFileType = sourcecode.typescript; path = avatar.tsx; sourceTree = "<group>"; };
		402E60BB2F7F8D1E00750516 /* badge.tsx */ = {isa = PBXFileReference; lastKnownFileType = sourcecode.typescript; path = badge.tsx; sourceTree = "<group>"; };
		402E60BC2F7F8D1E00750516 /* breadcrumb.tsx */ = {isa = PBXFileReference; lastKnownFileType = sourcecode.typescript; path = breadcrumb.tsx; sourceTree = "<group>"; };
		402E60BD2F7F8D1E00750516 /* button.tsx */ = {isa = PBXFileReference; lastKnownFileType = sourcecode.typescript; path = button.tsx; sourceTree = "<group>"; };
		402E60BE2F7F8D1E00750516 /* calendar.tsx */ = {isa = PBXFileReference; lastKnownFileType = sourcecode.typescript; path = calendar.tsx; sourceTree = "<group>"; };
		402E60BF2F7F8D1E00750516 /* card.tsx */ = {isa = PBXFileReference; lastKnownFileType = sourcecode.typescript; path = card.tsx; sourceTree = "<group>"; };
		402E60C02F7F8D1E00750516 /* carousel.tsx */ = {isa = PBXFileReference; lastKnownFileType = sourcecode.typescript; path = carousel.tsx; sourceTree = "<group>"; };
		402E60C12F7F8D1E00750516 /* chart.tsx */ = {isa = PBXFileReference; lastKnownFileType = sourcecode.typescript; path = chart.tsx; sourceTree = "<group>"; };
		402E60C22F7F8D1E00750516 /* checkbox.tsx */ = {isa = PBXFileReference; lastKnownFileType = sourcecode.typescript; path = checkbox.tsx; sourceTree = "<group>"; };
		402E60C32F7F8D1E00750516 /* collapsible.tsx */ = {isa = PBXFileReference; lastKnownFileType = sourcecode.typescript; path = collapsible.tsx; sourceTree = "<group>"; };
		402E60C42F7F8D1E00750516 /* command.tsx */ = {isa = PBXFileReference; lastKnownFileType = sourcecode.typescript; path = command.tsx; sourceTree = "<group>"; };
		402E60C52F7F8D1E00750516 /* context-menu.tsx */ = {isa = PBXFileReference; lastKnownFileType = sourcecode.typescript; path = "context-menu.tsx"; sourceTree = "<group>"; };
		402E60C62F7F8D1E00750516 /* dialog.tsx */ = {isa = PBXFileReference; lastKnownFileType = sourcecode.typescript; path = dialog.tsx; sourceTree = "<group>"; };
		402E60C72F7F8D1E00750516 /* drawer.tsx */ = {isa = PBXFileReference; lastKnownFileType = sourcecode.typescript; path = drawer.tsx; sourceTree = "<group>"; };
		402E60C82F7F8D1E00750516 /* dropdown-menu.tsx */ = {isa = PBXFileReference; lastKnownFileType = sourcecode.typescript; path = "dropdown-menu.tsx"; sourceTree = "<group>"; };
		402E60C92F7F8D1E00750516 /* form.tsx */ = {isa = PBXFileReference; lastKnownFileType = sourcecode.typescript; path = form.tsx; sourceTree = "<group>"; };
		402E60CA2F7F8D1E00750516 /* hover-card.tsx */ = {isa = PBXFileReference; lastKnownFileType = sourcecode.typescript; path = "hover-card.tsx"; sourceTree = "<group>"; };
		402E60CB2F7F8D1E00750516 /* input.tsx */ = {isa = PBXFileReference; lastKnownFileType = sourcecode.typescript; path = input.tsx; sourceTree = "<group>"; };
		402E60CC2F7F8D1E00750516 /* input-otp.tsx */ = {isa = PBXFileReference; lastKnownFileType = sourcecode.typescript; path = "input-otp.tsx"; sourceTree = "<group>"; };
		402E60CD2F7F8D1E00750516 /* label.tsx */ = {isa = PBXFileReference; lastKnownFileType = sourcecode.typescript; path = label.tsx; sourceTree = "<group>"; };
		402E60CE2F7F8D1E00750516 /* menubar.tsx */ = {isa = PBXFileReference; lastKnownFileType = sourcecode.typescript; path = menubar.tsx; sourceTree = "<group>"; };
		402E60CF2F7F8D1E00750516 /* navigation-menu.tsx */ = {isa = PBXFileReference; lastKnownFileType = sourcecode.typescript; path = "navigation-menu.tsx"; sourceTree = "<group>"; };
		402E60D02F7F8D1E00750516 /* pagination.tsx */ = {isa = PBXFileReference; lastKnownFileType = sourcecode.typescript; path = pagination.tsx; sourceTree = "<group>"; };
		402E60D12F7F8D1E00750516 /* popover.tsx */ = {isa = PBXFileReference; lastKnownFileType = sourcecode.typescript; path = popover.tsx; sourceTree = "<group>"; };
		402E60D22F7F8D1E00750516 /* progress.tsx */ = {isa = PBXFileReference; lastKnownFileType = sourcecode.typescript; path = progress.tsx; sourceTree = "<group>"; };
		402E60D32F7F8D1E00750516 /* radio-group.tsx */ = {isa = PBXFileReference; lastKnownFileType = sourcecode.typescript; path = "radio-group.tsx"; sourceTree = "<group>"; };
		402E60D42F7F8D1E00750516 /* resizable.tsx */ = {isa = PBXFileReference; lastKnownFileType = sourcecode.typescript; path = resizable.tsx; sourceTree = "<group>"; };
		402E60D52F7F8D1E00750516 /* scroll-area.tsx */ = {isa = PBXFileReference; lastKnownFileType = sourcecode.typescript; path = "scroll-area.tsx"; sourceTree = "<group>"; };
		402E60D62F7F8D1E00750516 /* select.tsx */ = {isa = PBXFileReference; lastKnownFileType = sourcecode.typescript; path = select.tsx; sourceTree = "<group>"; };
		402E60D72F7F8D1E00750516 /* separator.tsx */ = {isa = PBXFileReference; lastKnownFileType = sourcecode.typescript; path = separator.tsx; sourceTree = "<group>"; };
		402E60D82F7F8D1E00750516 /* sheet.tsx */ = {isa = PBXFileReference; lastKnownFileType = sourcecode.typescript; path = sheet.tsx; sourceTree = "<group>"; };
		402E60D92F7F8D1E00750516 /* sidebar.tsx */ = {isa = PBXFileReference; lastKnownFileType = sourcecode.typescript; path = sidebar.tsx; sourceTree = "<group>"; };
		402E60DA2F7F8D1E00750516 /* skeleton.tsx */ = {isa = PBXFileReference; lastKnownFileType = sourcecode.typescript; path = skeleton.tsx; sourceTree = "<group>"; };
		402E60DB2F7F8D1E00750516 /* slider.tsx */ = {isa = PBXFileReference; lastKnownFileType = sourcecode.typescript; path = slider.tsx; sourceTree = "<group>"; };
		402E60DC2F7F8D1E00750516 /* sonner.tsx */ = {isa = PBXFileReference; lastKnownFileType = sourcecode.typescript; path = sonner.tsx; sourceTree = "<group>"; };
		402E60DD2F7F8D1E00750516 /* switch.tsx */ = {isa = PBXFileReference; lastKnownFileType = sourcecode.typescript; path = switch.tsx; sourceTree = "<group>"; };
		402E60DE2F7F8D1E00750516 /* table.tsx */ = {isa = PBXFileReference; lastKnownFileType = sourcecode.typescript; path = table.tsx; sourceTree = "<group>"; };
		402E60DF2F7F8D1E00750516 /* tabs.tsx */ = {isa = PBXFileReference; lastKnownFileType = sourcecode.typescript; path = tabs.tsx; sourceTree = "<group>"; };
		402E60E02F7F8D1E00750516 /* textarea.tsx */ = {isa = PBXFileReference; lastKnownFileType = sourcecode.typescript; path = textarea.tsx; sourceTree = "<group>"; };
		402E60E12F7F8D1E00750516 /* toggle.tsx */ = {isa = PBXFileReference; lastKnownFileType = sourcecode.typescript; path = toggle.tsx; sourceTree = "<group>"; };
		402E60E22F7F8D1E00750516 /* toggle-group.tsx */ = {isa = PBXFileReference; lastKnownFileType = sourcecode.typescript; path = "toggle-group.tsx"; sourceTree = "<group>"; };
		402E60E32F7F8D1E00750516 /* tooltip.tsx */ = {isa = PBXFileReference; lastKnownFileType = sourcecode.typescript; path = tooltip.tsx; sourceTree = "<group>"; };
		402E60E42F7F8D1E00750516 /* use-mobile.ts */ = {isa = PBXFileReference; lastKnownFileType = sourcecode.typescript; path = "use-mobile.ts"; sourceTree = "<group>"; };
		402E60E52F7F8D1E00750516 /* utils.ts */ = {isa = PBXFileReference; lastKnownFileType = sourcecode.typescript; path = utils.ts; sourceTree = "<group>"; };
		402E60E72F7F8D1E00750516 /* CalendarCell.tsx */ = {isa = PBXFileReference; lastKnownFileType = sourcecode.typescript; path = CalendarCell.tsx; sourceTree = "<group>"; };
		402E60E82F7F8D1E00750516 /* DraggableRunType.tsx */ = {isa = PBXFileReference; lastKnownFileType = sourcecode.typescript; path = DraggableRunType.tsx; sourceTree = "<group>"; };
		402E60E92F7F8D1E00750516 /* GlassBackground.tsx */ = {isa = PBXFileReference; lastKnownFileType = sourcecode.typescript; path = GlassBackground.tsx; sourceTree = "<group>"; };
		402E60EA2F7F8D1E00750516 /* Layout.tsx */ = {isa = PBXFileReference; lastKnownFileType = sourcecode.typescript; path = Layout.tsx; sourceTree = "<group>"; };
		402E60EB2F7F8D1E00750516 /* Navigation.tsx */ = {isa = PBXFileReference; lastKnownFileType = sourcecode.typescript; path = Navigation.tsx; sourceTree = "<group>"; };
		402E60EC2F7F8D1E00750516 /* RunPlanner.tsx */ = {isa = PBXFileReference; lastKnownFileType = sourcecode.typescript; path = RunPlanner.tsx; sourceTree = "<group>"; };
		402E60EE2F7F8D1E00750516 /* Activity.tsx */ = {isa = PBXFileReference; lastKnownFileType = sourcecode.typescript; path = Activity.tsx; sourceTree = "<group>"; };
		402E60EF2F7F8D1E00750516 /* ActivityNew.tsx */ = {isa = PBXFileReference; lastKnownFileType = sourcecode.typescript; path = ActivityNew.tsx; sourceTree = "<group>"; };
		402E60F02F7F8D1E00750516 /* Calendar.tsx */ = {isa = PBXFileReference; lastKnownFileType = sourcecode.typescript; path = Calendar.tsx; sourceTree = "<group>"; };
		402E60F12F7F8D1E00750516 /* Home.tsx */ = {isa = PBXFileReference; lastKnownFileType = sourcecode.typescript; path = Home.tsx; sourceTree = "<group>"; };
		402E60F22F7F8D1E00750516 /* Login.tsx */ = {isa = PBXFileReference; lastKnownFileType = sourcecode.typescript; path = Login.tsx; sourceTree = "<group>"; };
		402E60F32F7F8D1E00750516 /* Profile.tsx */ = {isa = PBXFileReference; lastKnownFileType = sourcecode.typescript; path = Profile.tsx; sourceTree = "<group>"; };
		402E60F42F7F8D1E00750516 /* Record.tsx */ = {isa = PBXFileReference; lastKnownFileType = sourcecode.typescript; path = Record.tsx; sourceTree = "<group>"; };
		402E60F52F7F8D1E00750516 /* SignUp.tsx */ = {isa = PBXFileReference; lastKnownFileType = sourcecode.typescript; path = SignUp.tsx; sourceTree = "<group>"; };
		402E60F72F7F8D1E00750516 /* App.tsx */ = {isa = PBXFileReference; lastKnownFileType = sourcecode.typescript; path = App.tsx; sourceTree = "<group>"; };
		402E60F82F7F8D1E00750516 /* routes.tsx */ = {isa = PBXFileReference; lastKnownFileType = sourcecode.typescript; path = routes.tsx; sourceTree = "<group>"; };
		402E60FA2F7F8D1E00750516 /* RunPlannerFilledOut.tsx */ = {isa = PBXFileReference; lastKnownFileType = sourcecode.typescript; path = RunPlannerFilledOut.tsx; sourceTree = "<group>"; };
		402E60FB2F7F8D1E00750516 /* svg-sq11q5zcmr.ts */ = {isa = PBXFileReference; lastKnownFileType = sourcecode.typescript; path = "svg-sq11q5zcmr.ts"; sourceTree = "<group>"; };
		402E60FD2F7F8D1E00750516 /* fonts.css */ = {isa = PBXFileReference; lastKnownFileType = text.css; path = fonts.css; sourceTree = "<group>"; };
		402E60FE2F7F8D1E00750516 /* index.css */ = {isa = PBXFileReference; lastKnownFileType = text.css; path = index.css; sourceTree = "<group>"; };
		402E60FF2F7F8D1E00750516 /* tailwind.css */ = {isa = PBXFileReference; lastKnownFileType = text.css; path = tailwind.css; sourceTree = "<group>"; };
		402E61002F7F8D1E00750516 /* theme.css */ = {isa = PBXFileReference; lastKnownFileType = text.css; path = theme.css; sourceTree = "<group>"; };
		402E61022F7F8D1E00750516 /* main.tsx */ = {isa = PBXFileReference; lastKnownFileType = sourcecode.typescript; path = main.tsx; sourceTree = "<group>"; };
		402E61042F7F8D1E00750516 /* ATTRIBUTIONS.md */ = {isa = PBXFileReference; lastKnownFileType = net.daringfireball.markdown; path = ATTRIBUTIONS.md; sourceTree = "<group>"; };
		402E61052F7F8D1E00750516 /* index.html */ = {isa = PBXFileReference; lastKnownFileType = text.html; path = index.html; sourceTree = "<group>"; };
		402E61062F7F8D1E00750516 /* package.json */ = {isa = PBXFileReference; lastKnownFileType = text.json; path = package.json; sourceTree = "<group>"; };
		402E61072F7F8D1E00750516 /* postcss.config.mjs */ = {isa = PBXFileReference; lastKnownFileType = text; path = postcss.config.mjs; sourceTree = "<group>"; };
		402E61092F7F8D1E00750516 /* vite.config.ts */ = {isa = PBXFileReference; lastKnownFileType = sourcecode.typescript; path = vite.config.ts; sourceTree = "<group>"; };
/* End PBXFileReference section */

/* Begin PBXFileSystemSynchronizedRootGroup section */
		402E606F2F7F538B00750516 /* Tempo */ = {
			isa = PBXFileSystemSynchronizedRootGroup;
			path = Tempo;
			sourceTree = "<group>";
		};
/* End PBXFileSystemSynchronizedRootGroup section */

/* Begin PBXFrameworksBuildPhase section */
		402E606A2F7F538B00750516 /* Frameworks */ = {
			isa = PBXFrameworksBuildPhase;
			buildActionMask = 2147483647;
			files = (
			);
			runOnlyForDeploymentPostprocessing = 0;
		};
/* End PBXFrameworksBuildPhase section */

/* Begin PBXGroup section */
		402E60642F7F538B00750516 = {
			isa = PBXGroup;
			children = (
				402E606F2F7F538B00750516 /* Tempo */,
				402E606E2F7F538B00750516 /* Products */,
				402E607F2F7F574500750516 /* README.md */,
				402E610A2F7F8D1E00750516 /* Figma Web Application Code */,
			);
			sourceTree = "<group>";
		};
		402E606E2F7F538B00750516 /* Products */ = {
			isa = PBXGroup;
			children = (
				402E606D2F7F538B00750516 /* Tempo.app */,
				402E607D2F7F564200750516 /* Untitled.swift */,
			);
			name = Products;
			sourceTree = "<group>";
		};
		402E60B32F7F8D1E00750516 /* guidelines */ = {
			isa = PBXGroup;
			children = (
				402E60B12F7F8D1E00750516 /* Guidelines.md */,
				402E60B22F7F8D1E00750516 /* SwiftUI-Conversion-Guide.md */,
			);
			path = guidelines;
			sourceTree = "<group>";
		};
		402E60B52F7F8D1E00750516 /* figma */ = {
			isa = PBXGroup;
			children = (
				402E60B42F7F8D1E00750516 /* ImageWithFallback.tsx */,
			);
			path = figma;
			sourceTree = "<group>";
		};
		402E60E62F7F8D1E00750516 /* ui */ = {
			isa = PBXGroup;
			children = (
				402E60B62F7F8D1E00750516 /* accordion.tsx */,
				402E60B72F7F8D1E00750516 /* alert.tsx */,
				402E60B82F7F8D1E00750516 /* alert-dialog.tsx */,
				402E60B92F7F8D1E00750516 /* aspect-ratio.tsx */,
				402E60BA2F7F8D1E00750516 /* avatar.tsx */,
				402E60BB2F7F8D1E00750516 /* badge.tsx */,
				402E60BC2F7F8D1E00750516 /* breadcrumb.tsx */,
				402E60BD2F7F8D1E00750516 /* button.tsx */,
				402E60BE2F7F8D1E00750516 /* calendar.tsx */,
				402E60BF2F7F8D1E00750516 /* card.tsx */,
				402E60C02F7F8D1E00750516 /* carousel.tsx */,
				402E60C12F7F8D1E00750516 /* chart.tsx */,
				402E60C22F7F8D1E00750516 /* checkbox.tsx */,
				402E60C32F7F8D1E00750516 /* collapsible.tsx */,
				402E60C42F7F8D1E00750516 /* command.tsx */,
				402E60C52F7F8D1E00750516 /* context-menu.tsx */,
				402E60C62F7F8D1E00750516 /* dialog.tsx */,
				402E60C72F7F8D1E00750516 /* drawer.tsx */,
				402E60C82F7F8D1E00750516 /* dropdown-menu.tsx */,
				402E60C92F7F8D1E00750516 /* form.tsx */,
				402E60CA2F7F8D1E00750516 /* hover-card.tsx */,
				402E60CB2F7F8D1E00750516 /* input.tsx */,
				402E60CC2F7F8D1E00750516 /* input-otp.tsx */,
				402E60CD2F7F8D1E00750516 /* label.tsx */,
				402E60CE2F7F8D1E00750516 /* menubar.tsx */,
				402E60CF2F7F8D1E00750516 /* navigation-menu.tsx */,
				402E60D02F7F8D1E00750516 /* pagination.tsx */,
				402E60D12F7F8D1E00750516 /* popover.tsx */,
				402E60D22F7F8D1E00750516 /* progress.tsx */,
				402E60D32F7F8D1E00750516 /* radio-group.tsx */,
				402E60D42F7F8D1E00750516 /* resizable.tsx */,
				402E60D52F7F8D1E00750516 /* scroll-area.tsx */,
				402E60D62F7F8D1E00750516 /* select.tsx */,
				402E60D72F7F8D1E00750516 /* separator.tsx */,
				402E60D82F7F8D1E00750516 /* sheet.tsx */,
				402E60D92F7F8D1E00750516 /* sidebar.tsx */,
				402E60DA2F7F8D1E00750516 /* skeleton.tsx */,
				402E60DB2F7F8D1E00750516 /* slider.tsx */,
				402E60DC2F7F8D1E00750516 /* sonner.tsx */,
				402E60DD2F7F8D1E00750516 /* switch.tsx */,
				402E60DE2F7F8D1E00750516 /* table.tsx */,
				402E60DF2F7F8D1E00750516 /* tabs.tsx */,
				402E60E02F7F8D1E00750516 /* textarea.tsx */,
				402E60E12F7F8D1E00750516 /* toggle.tsx */,
				402E60E22F7F8D1E00750516 /* toggle-group.tsx */,
				402E60E32F7F8D1E00750516 /* tooltip.tsx */,
				402E60E42F7F8D1E00750516 /* use-mobile.ts */,
				402E60E52F7F8D1E00750516 /* utils.ts */,
			);
			path = ui;
			sourceTree = "<group>";
		};
		402E60ED2F7F8D1E00750516 /* components */ = {
			isa = PBXGroup;
			children = (
				402E60B52F7F8D1E00750516 /* figma */,
				402E60E62F7F8D1E00750516 /* ui */,
				402E60E72F7F8D1E00750516 /* CalendarCell.tsx */,
				402E60E82F7F8D1E00750516 /* DraggableRunType.tsx */,
				402E60E92F7F8D1E00750516 /* GlassBackground.tsx */,
				402E60EA2F7F8D1E00750516 /* Layout.tsx */,
				402E60EB2F7F8D1E00750516 /* Navigation.tsx */,
				402E60EC2F7F8D1E00750516 /* RunPlanner.tsx */,
			);
			path = components;
			sourceTree = "<group>";
		};
		402E60F62F7F8D1E00750516 /* screens */ = {
			isa = PBXGroup;
			children = (
				402E60EE2F7F8D1E00750516 /* Activity.tsx */,
				402E60EF2F7F8D1E00750516 /* ActivityNew.tsx */,
				402E60F02F7F8D1E00750516 /* Calendar.tsx */,
				402E60F12F7F8D1E00750516 /* Home.tsx */,
				402E60F22F7F8D1E00750516 /* Login.tsx */,
				402E60F32F7F8D1E00750516 /* Profile.tsx */,
				402E60F42F7F8D1E00750516 /* Record.tsx */,
				402E60F52F7F8D1E00750516 /* SignUp.tsx */,
			);
			path = screens;
			sourceTree = "<group>";
		};
		402E60F92F7F8D1E00750516 /* app */ = {
			isa = PBXGroup;
			children = (
				402E60ED2F7F8D1E00750516 /* components */,
				402E60F62F7F8D1E00750516 /* screens */,
				402E60F72F7F8D1E00750516 /* App.tsx */,
				402E60F82F7F8D1E00750516 /* routes.tsx */,
			);
			path = app;
			sourceTree = "<group>";
		};
		402E60FC2F7F8D1E00750516 /* imports */ = {
			isa = PBXGroup;
			children = (
				402E60FA2F7F8D1E00750516 /* RunPlannerFilledOut.tsx */,
				402E60FB2F7F8D1E00750516 /* svg-sq11q5zcmr.ts */,
			);
			path = imports;
			sourceTree = "<group>";
		};
		402E61012F7F8D1E00750516 /* styles */ = {
			isa = PBXGroup;
			children = (
				402E60FD2F7F8D1E00750516 /* fonts.css */,
				402E60FE2F7F8D1E00750516 /* index.css */,
				402E60FF2F7F8D1E00750516 /* tailwind.css */,
				402E61002F7F8D1E00750516 /* theme.css */,
			);
			path = styles;
			sourceTree = "<group>";
		};
		402E61032F7F8D1E00750516 /* src */ = {
			isa = PBXGroup;
			children = (
				402E60F92F7F8D1E00750516 /* app */,
				402E60FC2F7F8D1E00750516 /* imports */,
				402E61012F7F8D1E00750516 /* styles */,
				402E61022F7F8D1E00750516 /* main.tsx */,
			);
			path = src;
			sourceTree = "<group>";
		};
		402E610A2F7F8D1E00750516 /* Figma Web Application Code */ = {
			isa = PBXGroup;
			children = (
				402E60B32F7F8D1E00750516 /* guidelines */,
				402E61032F7F8D1E00750516 /* src */,
				402E61042F7F8D1E00750516 /* ATTRIBUTIONS.md */,
				402E61052F7F8D1E00750516 /* index.html */,
				402E61062F7F8D1E00750516 /* package.json */,
				402E61072F7F8D1E00750516 /* postcss.config.mjs */,
				402E61092F7F8D1E00750516 /* vite.config.ts */,
			);
			path = "Figma Web Application Code";
			sourceTree = "<group>";
		};
/* End PBXGroup section */

/* Begin PBXNativeTarget section */
		402E606C2F7F538B00750516 /* Tempo */ = {
			isa = PBXNativeTarget;
			buildConfigurationList = 402E60782F7F538D00750516 /* Build configuration list for PBXNativeTarget "Tempo" */;
			buildPhases = (
				402E60692F7F538B00750516 /* Sources */,
				402E606A2F7F538B00750516 /* Frameworks */,
				402E606B2F7F538B00750516 /* Resources */,
			);
			buildRules = (
			);
			dependencies = (
			);
			fileSystemSynchronizedGroups = (
				402E606F2F7F538B00750516 /* Tempo */,
			);
			name = Tempo;
			packageProductDependencies = (
			);
			productName = Tempo;
			productReference = 402E606D2F7F538B00750516 /* Tempo.app */;
			productType = "com.apple.product-type.application";
		};
/* End PBXNativeTarget section */

/* Begin PBXProject section */
		402E60652F7F538B00750516 /* Project object */ = {
			isa = PBXProject;
			attributes = {
				BuildIndependentTargetsInParallel = 1;
				LastSwiftUpdateCheck = 2640;
				LastUpgradeCheck = 2640;
				TargetAttributes = {
					402E606C2F7F538B00750516 = {
						CreatedOnToolsVersion = 26.4;
					};
				};
			};
			buildConfigurationList = 402E60682F7F538B00750516 /* Build configuration list for PBXProject "Tempo" */;
			developmentRegion = en;
			hasScannedForEncodings = 0;
			knownRegions = (
				en,
				Base,
			);
			mainGroup = 402E60642F7F538B00750516;
			minimizedProjectReferenceProxies = 1;
			preferredProjectObjectVersion = 77;
			productRefGroup = 402E606E2F7F538B00750516 /* Products */;
			projectDirPath = "";
			projectRoot = "";
			targets = (
				402E606C2F7F538B00750516 /* Tempo */,
			);
		};
/* End PBXProject section */

/* Begin PBXResourcesBuildPhase section */
		402E606B2F7F538B00750516 /* Resources */ = {
			isa = PBXResourcesBuildPhase;
			buildActionMask = 2147483647;
			files = (
				402E60802F7F574500750516 /* README.md in Resources */,
				402E610B2F7F8D1E00750516 /* package.json in Resources */,
				402E610C2F7F8D1E00750516 /* index.css in Resources */,
				402E610D2F7F8D1E00750516 /* Guidelines.md in Resources */,
				402E610E2F7F8D1E00750516 /* postcss.config.mjs in Resources */,
				402E610F2F7F8D1E00750516 /* SwiftUI-Conversion-Guide.md in Resources */,
				402E61112F7F8D1E00750516 /* fonts.css in Resources */,
				402E61122F7F8D1E00750516 /* tailwind.css in Resources */,
				402E61132F7F8D1E00750516 /* index.html in Resources */,
				402E61142F7F8D1E00750516 /* ATTRIBUTIONS.md in Resources */,
				402E61152F7F8D1E00750516 /* theme.css in Resources */,
			);
			runOnlyForDeploymentPostprocessing = 0;
		};
/* End PBXResourcesBuildPhase section */

/* Begin PBXSourcesBuildPhase section */
		402E60692F7F538B00750516 /* Sources */ = {
			isa = PBXSourcesBuildPhase;
			buildActionMask = 2147483647;
			files = (
				402E607E2F7F564300750516 /* Untitled.swift in Sources */,
			);
			runOnlyForDeploymentPostprocessing = 0;
		};
/* End PBXSourcesBuildPhase section */

/* Begin XCBuildConfiguration section */
		402E60762F7F538D00750516 /* Debug */ = {
			isa = XCBuildConfiguration;
			buildSettings = {
				ALWAYS_SEARCH_USER_PATHS = NO;
				ASSETCATALOG_COMPILER_GENERATE_SWIFT_ASSET_SYMBOL_EXTENSIONS = YES;
				CLANG_ANALYZER_NONNULL = YES;
				CLANG_ANALYZER_NUMBER_OBJECT_CONVERSION = YES_AGGRESSIVE;
				CLANG_CXX_LANGUAGE_STANDARD = "gnu++20";
				CLANG_ENABLE_MODULES = YES;
				CLANG_ENABLE_OBJC_ARC = YES;
				CLANG_ENABLE_OBJC_WEAK = YES;
				CLANG_WARN_BLOCK_CAPTURE_AUTORELEASING = YES;
				CLANG_WARN_BOOL_CONVERSION = YES;
				CLANG_WARN_COMMA = YES;
				CLANG_WARN_CONSTANT_CONVERSION = YES;
				CLANG_WARN_DEPRECATED_OBJC_IMPLEMENTATIONS = YES;
				CLANG_WARN_DIRECT_OBJC_ISA_USAGE = YES_ERROR;
				CLANG_WARN_DOCUMENTATION_COMMENTS = YES;
				CLANG_WARN_EMPTY_BODY = YES;
				CLANG_WARN_ENUM_CONVERSION = YES;
				CLANG_WARN_INFINITE_RECURSION = YES;
				CLANG_WARN_INT_CONVERSION = YES;
				CLANG_WARN_NON_LITERAL_NULL_CONVERSION = YES;
				CLANG_WARN_OBJC_IMPLICIT_RETAIN_SELF = YES;
				CLANG_WARN_OBJC_LITERAL_CONVERSION = YES;
				CLANG_WARN_OBJC_ROOT_CLASS = YES_ERROR;
				CLANG_WARN_QUOTED_INCLUDE_IN_FRAMEWORK_HEADER = YES;
				CLANG_WARN_RANGE_LOOP_ANALYSIS = YES;
				CLANG_WARN_STRICT_PROTOTYPES = YES;
				CLANG_WARN_SUSPICIOUS_MOVE = YES;
				CLANG_WARN_UNGUARDED_AVAILABILITY = YES_AGGRESSIVE;
				CLANG_WARN_UNREACHABLE_CODE = YES;
				CLANG_WARN__DUPLICATE_METHOD_MATCH = YES;
				COPY_PHASE_STRIP = NO;
				DEBUG_INFORMATION_FORMAT = dwarf;
				ENABLE_STRICT_OBJC_MSGSEND = YES;
				ENABLE_TESTABILITY = YES;
				ENABLE_USER_SCRIPT_SANDBOXING = YES;
				GCC_C_LANGUAGE_STANDARD = gnu17;
				GCC_DYNAMIC_NO_PIC = NO;
				GCC_NO_COMMON_BLOCKS = YES;
				GCC_OPTIMIZATION_LEVEL = 0;
				GCC_PREPROCESSOR_DEFINITIONS = (
					"DEBUG=1",
					"$(inherited)",
				);
				GCC_WARN_64_TO_32_BIT_CONVERSION = YES;
				GCC_WARN_ABOUT_RETURN_TYPE = YES_ERROR;
				GCC_WARN_UNDECLARED_SELECTOR = YES;
				GCC_WARN_UNINITIALIZED_AUTOS = YES_AGGRESSIVE;
				GCC_WARN_UNUSED_FUNCTION = YES;
				GCC_WARN_UNUSED_VARIABLE = YES;
				IPHONEOS_DEPLOYMENT_TARGET = 26.4;
				LOCALIZATION_PREFERS_STRING_CATALOGS = YES;
				MTL_ENABLE_DEBUG_INFO = INCLUDE_SOURCE;
				MTL_FAST_MATH = YES;
				ONLY_ACTIVE_ARCH = YES;
				SDKROOT = iphoneos;
				SWIFT_ACTIVE_COMPILATION_CONDITIONS = "DEBUG $(inherited)";
				SWIFT_OPTIMIZATION_LEVEL = "-Onone";
			};
			name = Debug;
		};
		402E60772F7F538D00750516 /* Release */ = {
			isa = XCBuildConfiguration;
			buildSettings = {
				ALWAYS_SEARCH_USER_PATHS = NO;
				ASSETCATALOG_COMPILER_GENERATE_SWIFT_ASSET_SYMBOL_EXTENSIONS = YES;
				CLANG_ANALYZER_NONNULL = YES;
				CLANG_ANALYZER_NUMBER_OBJECT_CONVERSION = YES_AGGRESSIVE;
				CLANG_CXX_LANGUAGE_STANDARD = "gnu++20";
				CLANG_ENABLE_MODULES = YES;
				CLANG_ENABLE_OBJC_ARC = YES;
				CLANG_ENABLE_OBJC_WEAK = YES;
				CLANG_WARN_BLOCK_CAPTURE_AUTORELEASING = YES;
				CLANG_WARN_BOOL_CONVERSION = YES;
				CLANG_WARN_COMMA = YES;
				CLANG_WARN_CONSTANT_CONVERSION = YES;
				CLANG_WARN_DEPRECATED_OBJC_IMPLEMENTATIONS = YES;
				CLANG_WARN_DIRECT_OBJC_ISA_USAGE = YES_ERROR;
				CLANG_WARN_DOCUMENTATION_COMMENTS = YES;
				CLANG_WARN_EMPTY_BODY = YES;
				CLANG_WARN_ENUM_CONVERSION = YES;
				CLANG_WARN_INFINITE_RECURSION = YES;
				CLANG_WARN_INT_CONVERSION = YES;
				CLANG_WARN_NON_LITERAL_NULL_CONVERSION = YES;
				CLANG_WARN_OBJC_IMPLICIT_RETAIN_SELF = YES;
				CLANG_WARN_OBJC_LITERAL_CONVERSION = YES;
				CLANG_WARN_OBJC_ROOT_CLASS = YES_ERROR;
				CLANG_WARN_QUOTED_INCLUDE_IN_FRAMEWORK_HEADER = YES;
				CLANG_WARN_RANGE_LOOP_ANALYSIS = YES;
				CLANG_WARN_STRICT_PROTOTYPES = YES;
				CLANG_WARN_SUSPICIOUS_MOVE = YES;
				CLANG_WARN_UNGUARDED_AVAILABILITY = YES_AGGRESSIVE;
				CLANG_WARN_UNREACHABLE_CODE = YES;
				CLANG_WARN__DUPLICATE_METHOD_MATCH = YES;
				COPY_PHASE_STRIP = NO;
				DEBUG_INFORMATION_FORMAT = "dwarf-with-dsym";
				ENABLE_NS_ASSERTIONS = NO;
				ENABLE_STRICT_OBJC_MSGSEND = YES;
				ENABLE_USER_SCRIPT_SANDBOXING = YES;
				GCC_C_LANGUAGE_STANDARD = gnu17;
				GCC_NO_COMMON_BLOCKS = YES;
				GCC_WARN_64_TO_32_BIT_CONVERSION = YES;
				GCC_WARN_ABOUT_RETURN_TYPE = YES_ERROR;
				GCC_WARN_UNDECLARED_SELECTOR = YES;
				GCC_WARN_UNINITIALIZED_AUTOS = YES_AGGRESSIVE;
				GCC_WARN_UNUSED_FUNCTION = YES;
				GCC_WARN_UNUSED_VARIABLE = YES;
				IPHONEOS_DEPLOYMENT_TARGET = 26.4;
				LOCALIZATION_PREFERS_STRING_CATALOGS = YES;
				MTL_ENABLE_DEBUG_INFO = NO;
				MTL_FAST_MATH = YES;
				SDKROOT = iphoneos;
				SWIFT_COMPILATION_MODE = wholemodule;
				VALIDATE_PRODUCT = YES;
			};
			name = Release;
		};
		402E60792F7F538D00750516 /* Debug */ = {
			isa = XCBuildConfiguration;
			buildSettings = {
				ASSETCATALOG_COMPILER_APPICON_NAME = AppIcon;
				ASSETCATALOG_COMPILER_GLOBAL_ACCENT_COLOR_NAME = AccentColor;
				CODE_SIGN_STYLE = Automatic;
				CURRENT_PROJECT_VERSION = 1;
				ENABLE_PREVIEWS = YES;
				GENERATE_INFOPLIST_FILE = YES;
				INFOPLIST_KEY_UIApplicationSceneManifest_Generation = YES;
				INFOPLIST_KEY_UIApplicationSupportsIndirectInputEvents = YES;
				INFOPLIST_KEY_UILaunchScreen_Generation = YES;
				INFOPLIST_KEY_UISupportedInterfaceOrientations_iPad = "UIInterfaceOrientationPortrait UIInterfaceOrientationPortraitUpsideDown UIInterfaceOrientationLandscapeLeft UIInterfaceOrientationLandscapeRight";
				INFOPLIST_KEY_UISupportedInterfaceOrientations_iPhone = "UIInterfaceOrientationPortrait UIInterfaceOrientationLandscapeLeft UIInterfaceOrientationLandscapeRight";
				LD_RUNPATH_SEARCH_PATHS = (
					"$(inherited)",
					"@executable_path/Frameworks",
				);
				MARKETING_VERSION = 1.0;
				PRODUCT_BUNDLE_IDENTIFIER = com.upenn.Tempo;
				PRODUCT_NAME = "$(TARGET_NAME)";
				STRING_CATALOG_GENERATE_SYMBOLS = YES;
				SWIFT_APPROACHABLE_CONCURRENCY = YES;
				SWIFT_DEFAULT_ACTOR_ISOLATION = MainActor;
				SWIFT_EMIT_LOC_STRINGS = YES;
				SWIFT_UPCOMING_FEATURE_MEMBER_IMPORT_VISIBILITY = YES;
				SWIFT_VERSION = 5.0;
				TARGETED_DEVICE_FAMILY = "1,2";
			};
			name = Debug;
		};
		402E607A2F7F538D00750516 /* Release */ = {
			isa = XCBuildConfiguration;
			buildSettings = {
				ASSETCATALOG_COMPILER_APPICON_NAME = AppIcon;
				ASSETCATALOG_COMPILER_GLOBAL_ACCENT_COLOR_NAME = AccentColor;
				CODE_SIGN_STYLE = Automatic;
				CURRENT_PROJECT_VERSION = 1;
				ENABLE_PREVIEWS = YES;
				GENERATE_INFOPLIST_FILE = YES;
				INFOPLIST_KEY_UIApplicationSceneManifest_Generation = YES;
				INFOPLIST_KEY_UIApplicationSupportsIndirectInputEvents = YES;
				INFOPLIST_KEY_UILaunchScreen_Generation = YES;
				INFOPLIST_KEY_UISupportedInterfaceOrientations_iPad = "UIInterfaceOrientationPortrait UIInterfaceOrientationPortraitUpsideDown UIInterfaceOrientationLandscapeLeft UIInterfaceOrientationLandscapeRight";
				INFOPLIST_KEY_UISupportedInterfaceOrientations_iPhone = "UIInterfaceOrientationPortrait UIInterfaceOrientationLandscapeLeft UIInterfaceOrientationLandscapeRight";
				LD_RUNPATH_SEARCH_PATHS = (
					"$(inherited)",
					"@executable_path/Frameworks",
				);
				MARKETING_VERSION = 1.0;
				PRODUCT_BUNDLE_IDENTIFIER = com.upenn.Tempo;
				PRODUCT_NAME = "$(TARGET_NAME)";
				STRING_CATALOG_GENERATE_SYMBOLS = YES;
				SWIFT_APPROACHABLE_CONCURRENCY = YES;
				SWIFT_DEFAULT_ACTOR_ISOLATION = MainActor;
				SWIFT_EMIT_LOC_STRINGS = YES;
				SWIFT_UPCOMING_FEATURE_MEMBER_IMPORT_VISIBILITY = YES;
				SWIFT_VERSION = 5.0;
				TARGETED_DEVICE_FAMILY = "1,2";
			};
			name = Release;
		};
/* End XCBuildConfiguration section */

/* Begin XCConfigurationList section */
		402E60682F7F538B00750516 /* Build configuration list for PBXProject "Tempo" */ = {
			isa = XCConfigurationList;
			buildConfigurations = (
				402E60762F7F538D00750516 /* Debug */,
				402E60772F7F538D00750516 /* Release */,
			);
			defaultConfigurationIsVisible = 0;
			defaultConfigurationName = Release;
		};
		402E60782F7F538D00750516 /* Build configuration list for PBXNativeTarget "Tempo" */ = {
			isa = XCConfigurationList;
			buildConfigurations = (
				402E60792F7F538D00750516 /* Debug */,
				402E607A2F7F538D00750516 /* Release */,
			);
			defaultConfigurationIsVisible = 0;
			defaultConfigurationName = Release;
		};
/* End XCConfigurationList section */
	};
	rootObject = 402E60652F7F538B00750516 /* Project object */;
}
